
Microsoft Visual Studio Solution File, Format Version 12.00
# Visual Studio Version 17
VisualStudioVersion = 17.6.33723.286
MinimumVisualStudioVersion = 10.0.40219.1
Project("{FAE04EC0-301F-11D3-BF4B-00C04F79EFBC}") = "CelsiusToFahrenheit", "CelsiusToFahrenheit\CelsiusToFahrenheit.csproj", "{51787EB0-63D6-4CA4-B34C-3C1E4A9A6039}"
EndProject
Global
	GlobalSection(SolutionConfigurationPlatforms) = preSolution
		Debug|Any CPU = Debug|Any CPU
		Release|Any CPU = Release|Any CPU
	EndGlobalSection
	GlobalSection(ProjectConfigurationPlatforms) = postSolution
		{51787EB0-63D6-4CA4-B34C-3C1E4A9A6039}.Debug|Any CPU.ActiveCfg = Debug|Any CPU
		{51787EB0-63D6-4CA4-B34C-3C1E4A9A6039}.Debug|Any CPU.Build.0 = Debug|Any CPU
		{51787EB0-63D6-4CA4-B34C-3C1E4A9A6039}.Release|Any CPU.ActiveCfg = Release|Any CPU
		{51787EB0-63D6-4CA4-B34C-3C1E4A9A6039}.Release|Any CPU.Build.0 = Release|Any CPU
	EndGlobalSection
	GlobalSection(SolutionProperties) = preSolution
		HideSolutionNode = FALSE
	EndGlobalSection
	GlobalSection(ExtensibilityGlobals) = postSolution
		SolutionGuid = {5D7968E2-CC65-4AAE-841E-EB4722496EAF}
	EndGlobalSection
EndGlobal
