
Microsoft Visual Studio Solution File, Format Version 12.00
# Visual Studio Version 17
VisualStudioVersion = 17.6.33723.286
MinimumVisualStudioVersion = 10.0.40219.1
Project("{FAE04EC0-301F-11D3-BF4B-00C04F79EFBC}") = "VM", "VM\VM.csproj", "{E42E149B-F788-4751-BE08-6F801ADF4976}"
EndProject
Global
	GlobalSection(SolutionConfigurationPlatforms) = preSolution
		Debug|Any CPU = Debug|Any CPU
		Release|Any CPU = Release|Any CPU
	EndGlobalSection
	GlobalSection(ProjectConfigurationPlatforms) = postSolution
		{E42E149B-F788-4751-BE08-6F801ADF4976}.Debug|Any CPU.ActiveCfg = Debug|Any CPU
		{E42E149B-F788-4751-BE08-6F801ADF4976}.Debug|Any CPU.Build.0 = Debug|Any CPU
		{E42E149B-F788-4751-BE08-6F801ADF4976}.Release|Any CPU.ActiveCfg = Release|Any CPU
		{E42E149B-F788-4751-BE08-6F801ADF4976}.Release|Any CPU.Build.0 = Release|Any CPU
	EndGlobalSection
	GlobalSection(SolutionProperties) = preSolution
		HideSolutionNode = FALSE
	EndGlobalSection
	GlobalSection(ExtensibilityGlobals) = postSolution
		SolutionGuid = {65477D39-9B34-4FB4-A94A-76D79264BC71}
	EndGlobalSection
EndGlobal
