
Microsoft Visual Studio Solution File, Format Version 12.00
# Visual Studio Version 17
VisualStudioVersion = 17.6.33723.286
MinimumVisualStudioVersion = 10.0.40219.1
Project("{FAE04EC0-301F-11D3-BF4B-00C04F79EFBC}") = "PeopleDB2024", "PeopleDB2024\PeopleDB2024.csproj", "{AF54F4A6-23B5-45AA-B7B8-C1538B941CF6}"
EndProject
Global
	GlobalSection(SolutionConfigurationPlatforms) = preSolution
		Debug|Any CPU = Debug|Any CPU
		Release|Any CPU = Release|Any CPU
	EndGlobalSection
	GlobalSection(ProjectConfigurationPlatforms) = postSolution
		{AF54F4A6-23B5-45AA-B7B8-C1538B941CF6}.Debug|Any CPU.ActiveCfg = Debug|Any CPU
		{AF54F4A6-23B5-45AA-B7B8-C1538B941CF6}.Debug|Any CPU.Build.0 = Debug|Any CPU
		{AF54F4A6-23B5-45AA-B7B8-C1538B941CF6}.Release|Any CPU.ActiveCfg = Release|Any CPU
		{AF54F4A6-23B5-45AA-B7B8-C1538B941CF6}.Release|Any CPU.Build.0 = Release|Any CPU
	EndGlobalSection
	GlobalSection(SolutionProperties) = preSolution
		HideSolutionNode = FALSE
	EndGlobalSection
	GlobalSection(ExtensibilityGlobals) = postSolution
		SolutionGuid = {FCD78C1A-5C70-4326-8E2B-976C88EE8C92}
	EndGlobalSection
EndGlobal
