
Microsoft Visual Studio Solution File, Format Version 12.00
# Visual Studio Version 17
VisualStudioVersion = 17.6.33723.286
MinimumVisualStudioVersion = 10.0.40219.1
Project("{FAE04EC0-301F-11D3-BF4B-00C04F79EFBC}") = "ExamGrader", "ExamGrader\ExamGrader.csproj", "{D23AC5EF-5AB6-461F-973F-C4B35B258691}"
EndProject
Global
	GlobalSection(SolutionConfigurationPlatforms) = preSolution
		Debug|Any CPU = Debug|Any CPU
		Release|Any CPU = Release|Any CPU
	EndGlobalSection
	GlobalSection(ProjectConfigurationPlatforms) = postSolution
		{D23AC5EF-5AB6-461F-973F-C4B35B258691}.Debug|Any CPU.ActiveCfg = Debug|Any CPU
		{D23AC5EF-5AB6-461F-973F-C4B35B258691}.Debug|Any CPU.Build.0 = Debug|Any CPU
		{D23AC5EF-5AB6-461F-973F-C4B35B258691}.Release|Any CPU.ActiveCfg = Release|Any CPU
		{D23AC5EF-5AB6-461F-973F-C4B35B258691}.Release|Any CPU.Build.0 = Release|Any CPU
	EndGlobalSection
	GlobalSection(SolutionProperties) = preSolution
		HideSolutionNode = FALSE
	EndGlobalSection
	GlobalSection(ExtensibilityGlobals) = postSolution
		SolutionGuid = {006550BE-261B-4B9A-85F1-3CE72FE28C04}
	EndGlobalSection
EndGlobal
